
Microsoft Visual Studio Solution File, Format Version 12.00
# Visual Studio 2015
Project("{FAE04EC0-301F-11D3-BF4B-00C04F79EFBC}") = "3rd_Person.Plugins", "3rd_Person.Plugins.csproj", "{CC8CAE2B-C3DE-1A00-5A41-EAF7300507D7}"
EndProject
Project("{FAE04EC0-301F-11D3-BF4B-00C04F79EFBC}") = "3rd_Person", "3rd_Person.csproj", "{A85C7737-F577-0CC8-8DD5-952741490204}"
EndProject
Project("{FAE04EC0-301F-11D3-BF4B-00C04F79EFBC}") = "3rd_Person.Editor.Plugins", "3rd_Person.Editor.Plugins.csproj", "{0E3A31C1-D3B0-40BB-D3A9-E671ABDF8004}"
EndProject
Global
	GlobalSection(SolutionConfigurationPlatforms) = preSolution
		Debug|Any CPU = Debug|Any CPU
		Release|Any CPU = Release|Any CPU
	EndGlobalSection
	GlobalSection(ProjectConfigurationPlatforms) = postSolution
		{CC8CAE2B-C3DE-1A00-5A41-EAF7300507D7}.Debug|Any CPU.ActiveCfg = Debug|Any CPU
		{CC8CAE2B-C3DE-1A00-5A41-EAF7300507D7}.Debug|Any CPU.Build.0 = Debug|Any CPU
		{CC8CAE2B-C3DE-1A00-5A41-EAF7300507D7}.Release|Any CPU.ActiveCfg = Release|Any CPU
		{CC8CAE2B-C3DE-1A00-5A41-EAF7300507D7}.Release|Any CPU.Build.0 = Release|Any CPU
		{A85C7737-F577-0CC8-8DD5-952741490204}.Debug|Any CPU.ActiveCfg = Debug|Any CPU
		{A85C7737-F577-0CC8-8DD5-952741490204}.Debug|Any CPU.Build.0 = Debug|Any CPU
		{A85C7737-F577-0CC8-8DD5-952741490204}.Release|Any CPU.ActiveCfg = Release|Any CPU
		{A85C7737-F577-0CC8-8DD5-952741490204}.Release|Any CPU.Build.0 = Release|Any CPU
		{0E3A31C1-D3B0-40BB-D3A9-E671ABDF8004}.Debug|Any CPU.ActiveCfg = Debug|Any CPU
		{0E3A31C1-D3B0-40BB-D3A9-E671ABDF8004}.Debug|Any CPU.Build.0 = Debug|Any CPU
		{0E3A31C1-D3B0-40BB-D3A9-E671ABDF8004}.Release|Any CPU.ActiveCfg = Release|Any CPU
		{0E3A31C1-D3B0-40BB-D3A9-E671ABDF8004}.Release|Any CPU.Build.0 = Release|Any CPU
	EndGlobalSection
	GlobalSection(SolutionProperties) = preSolution
		HideSolutionNode = FALSE
	EndGlobalSection
EndGlobal
